// !$*UTF8*$!
{
	archiveVersion = 1;
	classes = {
	};
	objectVersion = 46;
	objects = {

/* Begin PBXBuildFile section */
		AACA5D741D867B7000DCCE91 /* AppDelegate.swift in Sources */ = {isa = PBXBuildFile; fileRef = AACA5D731D867B7000DCCE91 /* AppDelegate.swift */; };
		AACA5D761D867B7000DCCE91 /* ViewController.swift in Sources */ = {isa = PBXBuildFile; fileRef = AACA5D751D867B7000DCCE91 /* ViewController.swift */; };
		AACA5D791D867B7000DCCE91 /* Main.storyboard in Resources */ = {isa = PBXBuildFile; fileRef = AACA5D771D867B7000DCCE91 /* Main.storyboard */; };
		AACA5D7B1D867B7000DCCE91 /* Assets.xcassets in Resources */ = {isa = PBXBuildFile; fileRef = AACA5D7A1D867B7000DCCE91 /* Assets.xcassets */; };
		AACA5D7E1D867B7000DCCE91 /* LaunchScreen.storyboard in Resources */ = {isa = PBXBuildFile; fileRef = AACA5D7C1D867B7000DCCE91 /* LaunchScreen.storyboard */; };
		AACA5D831D867B7000DCCE91 /* WatchKitNavigation WatchKit App.app in Embed Watch Content */ = {isa = PBXBuildFile; fileRef = AACA5D821D867B7000DCCE91 /* WatchKitNavigation WatchKit App.app */; };
		AACA5D891D867B7000DCCE91 /* Interface.storyboard in Resources */ = {isa = PBXBuildFile; fileRef = AACA5D871D867B7000DCCE91 /* Interface.storyboard */; };
		AACA5D8B1D867B7000DCCE91 /* Assets.xcassets in Resources */ = {isa = PBXBuildFile; fileRef = AACA5D8A1D867B7000DCCE91 /* Assets.xcassets */; };
		AACA5D921D867B7000DCCE91 /* WatchKitNavigation WatchKit Extension.appex in Embed App Extensions */ = {isa = PBXBuildFile; fileRef = AACA5D911D867B7000DCCE91 /* WatchKitNavigation WatchKit Extension.appex */; settings = {ATTRIBUTES = (RemoveHeadersOnCopy, ); }; };
		AACA5D971D867B7000DCCE91 /* InterfaceController.swift in Sources */ = {isa = PBXBuildFile; fileRef = AACA5D961D867B7000DCCE91 /* InterfaceController.swift */; };
		AACA5D991D867B7000DCCE91 /* ExtensionDelegate.swift in Sources */ = {isa = PBXBuildFile; fileRef = AACA5D981D867B7000DCCE91 /* ExtensionDelegate.swift */; };
		AACA5D9B1D867B7000DCCE91 /* Assets.xcassets in Resources */ = {isa = PBXBuildFile; fileRef = AACA5D9A1D867B7000DCCE91 /* Assets.xcassets */; };
		AACA5DAB1D867EB300DCCE91 /* CarManager.swift in Sources */ = {isa = PBXBuildFile; fileRef = AACA5DAA1D867EB300DCCE91 /* CarManager.swift */; };
		AACA5DAD1D867ECA00DCCE91 /* CarManager.swift in Sources */ = {isa = PBXBuildFile; fileRef = AACA5DAA1D867EB300DCCE91 /* CarManager.swift */; };
		AACA5DAF1D867F1A00DCCE91 /* CarController.swift in Sources */ = {isa = PBXBuildFile; fileRef = AACA5DAE1D867F1A00DCCE91 /* CarController.swift */; };
		AACA5DB11D867F3A00DCCE91 /* DetailController.swift in Sources */ = {isa = PBXBuildFile; fileRef = AACA5DB01D867F3A00DCCE91 /* DetailController.swift */; };
/* End PBXBuildFile section */

/* Begin PBXContainerItemProxy section */
		AACA5D841D867B7000DCCE91 /* PBXContainerItemProxy */ = {
			isa = PBXContainerItemProxy;
			containerPortal = AACA5D681D867B7000DCCE91 /* Project object */;
			proxyType = 1;
			remoteGlobalIDString = AACA5D811D867B7000DCCE91;
			remoteInfo = "WatchKitNavigation WatchKit App";
		};
		AACA5D931D867B7000DCCE91 /* PBXContainerItemProxy */ = {
			isa = PBXContainerItemProxy;
			containerPortal = AACA5D681D867B7000DCCE91 /* Project object */;
			proxyType = 1;
			remoteGlobalIDString = AACA5D901D867B7000DCCE91;
			remoteInfo = "WatchKitNavigation WatchKit Extension";
		};
/* End PBXContainerItemProxy section */

/* Begin PBXCopyFilesBuildPhase section */
		AACA5DA21D867B7000DCCE91 /* Embed App Extensions */ = {
			isa = PBXCopyFilesBuildPhase;
			buildActionMask = 2147483647;
			dstPath = "";
			dstSubfolderSpec = 13;
			files = (
				AACA5D921D867B7000DCCE91 /* WatchKitNavigation WatchKit Extension.appex in Embed App Extensions */,
			);
			name = "Embed App Extensions";
			runOnlyForDeploymentPostprocessing = 0;
		};
		AACA5DA61D867B7000DCCE91 /* Embed Watch Content */ = {
			isa = PBXCopyFilesBuildPhase;
			buildActionMask = 2147483647;
			dstPath = "$(CONTENTS_FOLDER_PATH)/Watch";
			dstSubfolderSpec = 16;
			files = (
				AACA5D831D867B7000DCCE91 /* WatchKitNavigation WatchKit App.app in Embed Watch Content */,
			);
			name = "Embed Watch Content";
			runOnlyForDeploymentPostprocessing = 0;
		};
/* End PBXCopyFilesBuildPhase section */

/* Begin PBXFileReference section */
		AACA5D701D867B7000DCCE91 /* WatchKitNavigation.app */ = {isa = PBXFileReference; explicitFileType = wrapper.application; includeInIndex = 0; path = WatchKitNavigation.app; sourceTree = BUILT_PRODUCTS_DIR; };
		AACA5D731D867B7000DCCE91 /* AppDelegate.swift */ = {isa = PBXFileReference; lastKnownFileType = sourcecode.swift; path = AppDelegate.swift; sourceTree = "<group>"; };
		AACA5D751D867B7000DCCE91 /* ViewController.swift */ = {isa = PBXFileReference; lastKnownFileType = sourcecode.swift; path = ViewController.swift; sourceTree = "<group>"; };
		AACA5D781D867B7000DCCE91 /* Base */ = {isa = PBXFileReference; lastKnownFileType = file.storyboard; name = Base; path = Base.lproj/Main.storyboard; sourceTree = "<group>"; };
		AACA5D7A1D867B7000DCCE91 /* Assets.xcassets */ = {isa = PBXFileReference; lastKnownFileType = folder.assetcatalog; path = Assets.xcassets; sourceTree = "<group>"; };
		AACA5D7D1D867B7000DCCE91 /* Base */ = {isa = PBXFileReference; lastKnownFileType = file.storyboard; name = Base; path = Base.lproj/LaunchScreen.storyboard; sourceTree = "<group>"; };
		AACA5D7F1D867B7000DCCE91 /* Info.plist */ = {isa = PBXFileReference; lastKnownFileType = text.plist.xml; path = Info.plist; sourceTree = "<group>"; };
		AACA5D821D867B7000DCCE91 /* WatchKitNavigation WatchKit App.app */ = {isa = PBXFileReference; explicitFileType = wrapper.application; includeInIndex = 0; path = "WatchKitNavigation WatchKit App.app"; sourceTree = BUILT_PRODUCTS_DIR; };
		AACA5D881D867B7000DCCE91 /* Base */ = {isa = PBXFileReference; lastKnownFileType = file.storyboard; name = Base; path = Base.lproj/Interface.storyboard; sourceTree = "<group>"; };
		AACA5D8A1D867B7000DCCE91 /* Assets.xcassets */ = {isa = PBXFileReference; lastKnownFileType = folder.assetcatalog; path = Assets.xcassets; sourceTree = "<group>"; };
		AACA5D8C1D867B7000DCCE91 /* Info.plist */ = {isa = PBXFileReference; lastKnownFileType = text.plist.xml; path = Info.plist; sourceTree = "<group>"; };
		AACA5D911D867B7000DCCE91 /* WatchKitNavigation WatchKit Extension.appex */ = {isa = PBXFileReference; explicitFileType = "wrapper.app-extension"; includeInIndex = 0; path = "WatchKitNavigation WatchKit Extension.appex"; sourceTree = BUILT_PRODUCTS_DIR; };
		AACA5D961D867B7000DCCE91 /* InterfaceController.swift */ = {isa = PBXFileReference; lastKnownFileType = sourcecode.swift; path = InterfaceController.swift; sourceTree = "<group>"; };
		AACA5D981D867B7000DCCE91 /* ExtensionDelegate.swift */ = {isa = PBXFileReference; lastKnownFileType = sourcecode.swift; path = ExtensionDelegate.swift; sourceTree = "<group>"; };
		AACA5D9A1D867B7000DCCE91 /* Assets.xcassets */ = {isa = PBXFileReference; lastKnownFileType = folder.assetcatalog; path = Assets.xcassets; sourceTree = "<group>"; };
		AACA5D9C1D867B7000DCCE91 /* Info.plist */ = {isa = PBXFileReference; lastKnownFileType = text.plist.xml; path = Info.plist; sourceTree = "<group>"; };
		AACA5DAA1D867EB300DCCE91 /* CarManager.swift */ = {isa = PBXFileReference; fileEncoding = 4; lastKnownFileType = sourcecode.swift; path = CarManager.swift; sourceTree = "<group>"; };
		AACA5DAE1D867F1A00DCCE91 /* CarController.swift */ = {isa = PBXFileReference; fileEncoding = 4; lastKnownFileType = sourcecode.swift; path = CarController.swift; sourceTree = "<group>"; };
		AACA5DB01D867F3A00DCCE91 /* DetailController.swift */ = {isa = PBXFileReference; fileEncoding = 4; lastKnownFileType = sourcecode.swift; path = DetailController.swift; sourceTree = "<group>"; };
/* End PBXFileReference section */

/* Begin PBXFrameworksBuildPhase section */
		AACA5D6D1D867B7000DCCE91 /* Frameworks */ = {
			isa = PBXFrameworksBuildPhase;
			buildActionMask = 2147483647;
			files = (
			);
			runOnlyForDeploymentPostprocessing = 0;
		};
		AACA5D8E1D867B7000DCCE91 /* Frameworks */ = {
			isa = PBXFrameworksBuildPhase;
			buildActionMask = 2147483647;
			files = (
			);
			runOnlyForDeploymentPostprocessing = 0;
		};
/* End PBXFrameworksBuildPhase section */

/* Begin PBXGroup section */
		AACA5D671D867B7000DCCE91 = {
			isa = PBXGroup;
			children = (
				AACA5DAC1D867EC200DCCE91 /* ColorPickerKit */,
				AACA5D721D867B7000DCCE91 /* WatchKitNavigation */,
				AACA5D861D867B7000DCCE91 /* WatchKitNavigation WatchKit App */,
				AACA5D951D867B7000DCCE91 /* WatchKitNavigation WatchKit Extension */,
				AACA5D711D867B7000DCCE91 /* Products */,
			);
			sourceTree = "<group>";
		};
		AACA5D711D867B7000DCCE91 /* Products */ = {
			isa = PBXGroup;
			children = (
				AACA5D701D867B7000DCCE91 /* WatchKitNavigation.app */,
				AACA5D821D867B7000DCCE91 /* WatchKitNavigation WatchKit App.app */,
				AACA5D911D867B7000DCCE91 /* WatchKitNavigation WatchKit Extension.appex */,
			);
			name = Products;
			sourceTree = "<group>";
		};
		AACA5D721D867B7000DCCE91 /* WatchKitNavigation */ = {
			isa = PBXGroup;
			children = (
				AACA5D731D867B7000DCCE91 /* AppDelegate.swift */,
				AACA5D751D867B7000DCCE91 /* ViewController.swift */,
				AACA5D771D867B7000DCCE91 /* Main.storyboard */,
				AACA5D7A1D867B7000DCCE91 /* Assets.xcassets */,
				AACA5D7C1D867B7000DCCE91 /* LaunchScreen.storyboard */,
				AACA5D7F1D867B7000DCCE91 /* Info.plist */,
			);
			path = WatchKitNavigation;
			sourceTree = "<group>";
		};
		AACA5D861D867B7000DCCE91 /* WatchKitNavigation WatchKit App */ = {
			isa = PBXGroup;
			children = (
				AACA5D871D867B7000DCCE91 /* Interface.storyboard */,
				AACA5D8A1D867B7000DCCE91 /* Assets.xcassets */,
				AACA5D8C1D867B7000DCCE91 /* Info.plist */,
			);
			path = "WatchKitNavigation WatchKit App";
			sourceTree = "<group>";
		};
		AACA5D951D867B7000DCCE91 /* WatchKitNavigation WatchKit Extension */ = {
			isa = PBXGroup;
			children = (
				AACA5D961D867B7000DCCE91 /* InterfaceController.swift */,
				AACA5D981D867B7000DCCE91 /* ExtensionDelegate.swift */,
				AACA5DAE1D867F1A00DCCE91 /* CarController.swift */,
				AACA5DB01D867F3A00DCCE91 /* DetailController.swift */,
				AACA5D9A1D867B7000DCCE91 /* Assets.xcassets */,
				AACA5D9C1D867B7000DCCE91 /* Info.plist */,
			);
			path = "WatchKitNavigation WatchKit Extension";
			sourceTree = "<group>";
		};
		AACA5DAC1D867EC200DCCE91 /* ColorPickerKit */ = {
			isa = PBXGroup;
			children = (
				AACA5DAA1D867EB300DCCE91 /* CarManager.swift */,
			);
			name = ColorPickerKit;
			sourceTree = "<group>";
		};
/* End PBXGroup section */

/* Begin PBXNativeTarget section */
		AACA5D6F1D867B7000DCCE91 /* WatchKitNavigation */ = {
			isa = PBXNativeTarget;
			buildConfigurationList = AACA5DA71D867B7000DCCE91 /* Build configuration list for PBXNativeTarget "WatchKitNavigation" */;
			buildPhases = (
				AACA5D6C1D867B7000DCCE91 /* Sources */,
				AACA5D6D1D867B7000DCCE91 /* Frameworks */,
				AACA5D6E1D867B7000DCCE91 /* Resources */,
				AACA5DA61D867B7000DCCE91 /* Embed Watch Content */,
			);
			buildRules = (
			);
			dependencies = (
				AACA5D851D867B7000DCCE91 /* PBXTargetDependency */,
			);
			name = WatchKitNavigation;
			productName = WatchKitNavigation;
			productReference = AACA5D701D867B7000DCCE91 /* WatchKitNavigation.app */;
			productType = "com.apple.product-type.application";
		};
		AACA5D811D867B7000DCCE91 /* WatchKitNavigation WatchKit App */ = {
			isa = PBXNativeTarget;
			buildConfigurationList = AACA5DA31D867B7000DCCE91 /* Build configuration list for PBXNativeTarget "WatchKitNavigation WatchKit App" */;
			buildPhases = (
				AACA5D801D867B7000DCCE91 /* Resources */,
				AACA5DA21D867B7000DCCE91 /* Embed App Extensions */,
			);
			buildRules = (
			);
			dependencies = (
				AACA5D941D867B7000DCCE91 /* PBXTargetDependency */,
			);
			name = "WatchKitNavigation WatchKit App";
			productName = "WatchKitNavigation WatchKit App";
			productReference = AACA5D821D867B7000DCCE91 /* WatchKitNavigation WatchKit App.app */;
			productType = "com.apple.product-type.application.watchapp2";
		};
		AACA5D901D867B7000DCCE91 /* WatchKitNavigation WatchKit Extension */ = {
			isa = PBXNativeTarget;
			buildConfigurationList = AACA5D9F1D867B7000DCCE91 /* Build configuration list for PBXNativeTarget "WatchKitNavigation WatchKit Extension" */;
			buildPhases = (
				AACA5D8D1D867B7000DCCE91 /* Sources */,
				AACA5D8E1D867B7000DCCE91 /* Frameworks */,
				AACA5D8F1D867B7000DCCE91 /* Resources */,
			);
			buildRules = (
			);
			dependencies = (
			);
			name = "WatchKitNavigation WatchKit Extension";
			productName = "WatchKitNavigation WatchKit Extension";
			productReference = AACA5D911D867B7000DCCE91 /* WatchKitNavigation WatchKit Extension.appex */;
			productType = "com.apple.product-type.watchkit2-extension";
		};
/* End PBXNativeTarget section */

/* Begin PBXProject section */
		AACA5D681D867B7000DCCE91 /* Project object */ = {
			isa = PBXProject;
			attributes = {
				LastSwiftUpdateCheck = 0730;
				LastUpgradeCheck = 0730;
				ORGANIZATIONNAME = Vijendra;
				TargetAttributes = {
					AACA5D6F1D867B7000DCCE91 = {
						CreatedOnToolsVersion = 7.3.1;
					};
					AACA5D811D867B7000DCCE91 = {
						CreatedOnToolsVersion = 7.3.1;
					};
					AACA5D901D867B7000DCCE91 = {
						CreatedOnToolsVersion = 7.3.1;
					};
				};
			};
			buildConfigurationList = AACA5D6B1D867B7000DCCE91 /* Build configuration list for PBXProject "WatchKitNavigation" */;
			compatibilityVersion = "Xcode 3.2";
			developmentRegion = English;
			hasScannedForEncodings = 0;
			knownRegions = (
				en,
				Base,
			);
			mainGroup = AACA5D671D867B7000DCCE91;
			productRefGroup = AACA5D711D867B7000DCCE91 /* Products */;
			projectDirPath = "";
			projectRoot = "";
			targets = (
				AACA5D6F1D867B7000DCCE91 /* WatchKitNavigation */,
				AACA5D811D867B7000DCCE91 /* WatchKitNavigation WatchKit App */,
				AACA5D901D867B7000DCCE91 /* WatchKitNavigation WatchKit Extension */,
			);
		};
/* End PBXProject section */

/* Begin PBXResourcesBuildPhase section */
		AACA5D6E1D867B7000DCCE91 /* Resources */ = {
			isa = PBXResourcesBuildPhase;
			buildActionMask = 2147483647;
			files = (
				AACA5D7E1D867B7000DCCE91 /* LaunchScreen.storyboard in Resources */,
				AACA5D7B1D867B7000DCCE91 /* Assets.xcassets in Resources */,
				AACA5D791D867B7000DCCE91 /* Main.storyboard in Resources */,
			);
			runOnlyForDeploymentPostprocessing = 0;
		};
		AACA5D801D867B7000DCCE91 /* Resources */ = {
			isa = PBXResourcesBuildPhase;
			buildActionMask = 2147483647;
			files = (
				AACA5D8B1D867B7000DCCE91 /* Assets.xcassets in Resources */,
				AACA5D891D867B7000DCCE91 /* Interface.storyboard in Resources */,
			);
			runOnlyForDeploymentPostprocessing = 0;
		};
		AACA5D8F1D867B7000DCCE91 /* Resources */ = {
			isa = PBXResourcesBuildPhase;
			buildActionMask = 2147483647;
			files = (
				AACA5D9B1D867B7000DCCE91 /* Assets.xcassets in Resources */,
			);
			runOnlyForDeploymentPostprocessing = 0;
		};
/* End PBXResourcesBuildPhase section */

/* Begin PBXSourcesBuildPhase section */
		AACA5D6C1D867B7000DCCE91 /* Sources */ = {
			isa = PBXSourcesBuildPhase;
			buildActionMask = 2147483647;
			files = (
				AACA5DAB1D867EB300DCCE91 /* CarManager.swift in Sources */,
				AACA5D761D867B7000DCCE91 /* ViewController.swift in Sources */,
				AACA5D741D867B7000DCCE91 /* AppDelegate.swift in Sources */,
			);
			runOnlyForDeploymentPostprocessing = 0;
		};
		AACA5D8D1D867B7000DCCE91 /* Sources */ = {
			isa = PBXSourcesBuildPhase;
			buildActionMask = 2147483647;
			files = (
				AACA5DAD1D867ECA00DCCE91 /* CarManager.swift in Sources */,
				AACA5D991D867B7000DCCE91 /* ExtensionDelegate.swift in Sources */,
				AACA5D971D867B7000DCCE91 /* InterfaceController.swift in Sources */,
				AACA5DB11D867F3A00DCCE91 /* DetailController.swift in Sources */,
				AACA5DAF1D867F1A00DCCE91 /* CarController.swift in Sources */,
			);
			runOnlyForDeploymentPostprocessing = 0;
		};
/* End PBXSourcesBuildPhase section */

/* Begin PBXTargetDependency section */
		AACA5D851D867B7000DCCE91 /* PBXTargetDependency */ = {
			isa = PBXTargetDependency;
			target = AACA5D811D867B7000DCCE91 /* WatchKitNavigation WatchKit App */;
			targetProxy = AACA5D841D867B7000DCCE91 /* PBXContainerItemProxy */;
		};
		AACA5D941D867B7000DCCE91 /* PBXTargetDependency */ = {
			isa = PBXTargetDependency;
			target = AACA5D901D867B7000DCCE91 /* WatchKitNavigation WatchKit Extension */;
			targetProxy = AACA5D931D867B7000DCCE91 /* PBXContainerItemProxy */;
		};
/* End PBXTargetDependency section */

/* Begin PBXVariantGroup section */
		AACA5D771D867B7000DCCE91 /* Main.storyboard */ = {
			isa = PBXVariantGroup;
			children = (
				AACA5D781D867B7000DCCE91 /* Base */,
			);
			name = Main.storyboard;
			sourceTree = "<group>";
		};
		AACA5D7C1D867B7000DCCE91 /* LaunchScreen.storyboard */ = {
			isa = PBXVariantGroup;
			children = (
				AACA5D7D1D867B7000DCCE91 /* Base */,
			);
			name = LaunchScreen.storyboard;
			sourceTree = "<group>";
		};
		AACA5D871D867B7000DCCE91 /* Interface.storyboard */ = {
			isa = PBXVariantGroup;
			children = (
				AACA5D881D867B7000DCCE91 /* Base */,
			);
			name = Interface.storyboard;
			sourceTree = "<group>";
		};
/* End PBXVariantGroup section */

/* Begin XCBuildConfiguration section */
		AACA5D9D1D867B7000DCCE91 /* Debug */ = {
			isa = XCBuildConfiguration;
			buildSettings = {
				ALWAYS_SEARCH_USER_PATHS = NO;
				CLANG_ANALYZER_NONNULL = YES;
				CLANG_CXX_LANGUAGE_STANDARD = "gnu++0x";
				CLANG_CXX_LIBRARY = "libc++";
				CLANG_ENABLE_MODULES = YES;
				CLANG_ENABLE_OBJC_ARC = YES;
				CLANG_WARN_BOOL_CONVERSION = YES;
				CLANG_WARN_CONSTANT_CONVERSION = YES;
				CLANG_WARN_DIRECT_OBJC_ISA_USAGE = YES_ERROR;
				CLANG_WARN_EMPTY_BODY = YES;
				CLANG_WARN_ENUM_CONVERSION = YES;
				CLANG_WARN_INT_CONVERSION = YES;
				CLANG_WARN_OBJC_ROOT_CLASS = YES_ERROR;
				CLANG_WARN_UNREACHABLE_CODE = YES;
				CLANG_WARN__DUPLICATE_METHOD_MATCH = YES;
				"CODE_SIGN_IDENTITY[sdk=iphoneos*]" = "iPhone Developer";
				COPY_PHASE_STRIP = NO;
				DEBUG_INFORMATION_FORMAT = dwarf;
				ENABLE_STRICT_OBJC_MSGSEND = YES;
				ENABLE_TESTABILITY = YES;
				GCC_C_LANGUAGE_STANDARD = gnu99;
				GCC_DYNAMIC_NO_PIC = NO;
				GCC_NO_COMMON_BLOCKS = YES;
				GCC_OPTIMIZATION_LEVEL = 0;
				GCC_PREPROCESSOR_DEFINITIONS = (
					"DEBUG=1",
					"$(inherited)",
				);
				GCC_WARN_64_TO_32_BIT_CONVERSION = YES;
				GCC_WARN_ABOUT_RETURN_TYPE = YES_ERROR;
				GCC_WARN_UNDECLARED_SELECTOR = YES;
				GCC_WARN_UNINITIALIZED_AUTOS = YES_AGGRESSIVE;
				GCC_WARN_UNUSED_FUNCTION = YES;
				GCC_WARN_UNUSED_VARIABLE = YES;
				IPHONEOS_DEPLOYMENT_TARGET = 9.3;
				MTL_ENABLE_DEBUG_INFO = YES;
				ONLY_ACTIVE_ARCH = YES;
				SDKROOT = iphoneos;
				SWIFT_OPTIMIZATION_LEVEL = "-Onone";
			};
			name = Debug;
		};
		AACA5D9E1D867B7000DCCE91 /* Release */ = {
			isa = XCBuildConfiguration;
			buildSettings = {
				ALWAYS_SEARCH_USER_PATHS = NO;
				CLANG_ANALYZER_NONNULL = YES;
				CLANG_CXX_LANGUAGE_STANDARD = "gnu++0x";
				CLANG_CXX_LIBRARY = "libc++";
				CLANG_ENABLE_MODULES = YES;
				CLANG_ENABLE_OBJC_ARC = YES;
				CLANG_WARN_BOOL_CONVERSION = YES;
				CLANG_WARN_CONSTANT_CONVERSION = YES;
				CLANG_WARN_DIRECT_OBJC_ISA_USAGE = YES_ERROR;
				CLANG_WARN_EMPTY_BODY = YES;
				CLANG_WARN_ENUM_CONVERSION = YES;
				CLANG_WARN_INT_CONVERSION = YES;
				CLANG_WARN_OBJC_ROOT_CLASS = YES_ERROR;
				CLANG_WARN_UNREACHABLE_CODE = YES;
				CLANG_WARN__DUPLICATE_METHOD_MATCH = YES;
				"CODE_SIGN_IDENTITY[sdk=iphoneos*]" = "iPhone Developer";
				COPY_PHASE_STRIP = NO;
				DEBUG_INFORMATION_FORMAT = "dwarf-with-dsym";
				ENABLE_NS_ASSERTIONS = NO;
				ENABLE_STRICT_OBJC_MSGSEND = YES;
				GCC_C_LANGUAGE_STANDARD = gnu99;
				GCC_NO_COMMON_BLOCKS = YES;
				GCC_WARN_64_TO_32_BIT_CONVERSION = YES;
				GCC_WARN_ABOUT_RETURN_TYPE = YES_ERROR;
				GCC_WARN_UNDECLARED_SELECTOR = YES;
				GCC_WARN_UNINITIALIZED_AUTOS = YES_AGGRESSIVE;
				GCC_WARN_UNUSED_FUNCTION = YES;
				GCC_WARN_UNUSED_VARIABLE = YES;
				IPHONEOS_DEPLOYMENT_TARGET = 9.3;
				MTL_ENABLE_DEBUG_INFO = NO;
				SDKROOT = iphoneos;
				VALIDATE_PRODUCT = YES;
			};
			name = Release;
		};
		AACA5DA01D867B7000DCCE91 /* Debug */ = {
			isa = XCBuildConfiguration;
			buildSettings = {
				INFOPLIST_FILE = "WatchKitNavigation WatchKit Extension/Info.plist";
				LD_RUNPATH_SEARCH_PATHS = "$(inherited) @executable_path/Frameworks @executable_path/../../Frameworks";
				PRODUCT_BUNDLE_IDENTIFIER = com.Vijendra.WatchKitNavigation.watchkitapp.watchkitextension;
				PRODUCT_NAME = "${TARGET_NAME}";
				SDKROOT = watchos;
				SKIP_INSTALL = YES;
				TARGETED_DEVICE_FAMILY = 4;
				WATCHOS_DEPLOYMENT_TARGET = 2.2;
			};
			name = Debug;
		};
		AACA5DA11D867B7000DCCE91 /* Release */ = {
			isa = XCBuildConfiguration;
			buildSettings = {
				INFOPLIST_FILE = "WatchKitNavigation WatchKit Extension/Info.plist";
				LD_RUNPATH_SEARCH_PATHS = "$(inherited) @executable_path/Frameworks @executable_path/../../Frameworks";
				PRODUCT_BUNDLE_IDENTIFIER = com.Vijendra.WatchKitNavigation.watchkitapp.watchkitextension;
				PRODUCT_NAME = "${TARGET_NAME}";
				SDKROOT = watchos;
				SKIP_INSTALL = YES;
				TARGETED_DEVICE_FAMILY = 4;
				WATCHOS_DEPLOYMENT_TARGET = 2.2;
			};
			name = Release;
		};
		AACA5DA41D867B7000DCCE91 /* Debug */ = {
			isa = XCBuildConfiguration;
			buildSettings = {
				ASSETCATALOG_COMPILER_APPICON_NAME = AppIcon;
				EMBEDDED_CONTENT_CONTAINS_SWIFT = YES;
				IBSC_MODULE = WatchKitNavigation_WatchKit_Extension;
				INFOPLIST_FILE = "WatchKitNavigation WatchKit App/Info.plist";
				PRODUCT_BUNDLE_IDENTIFIER = com.Vijendra.WatchKitNavigation.watchkitapp;
				PRODUCT_NAME = "$(TARGET_NAME)";
				SDKROOT = watchos;
				SKIP_INSTALL = YES;
				TARGETED_DEVICE_FAMILY = 4;
				WATCHOS_DEPLOYMENT_TARGET = 2.2;
			};
			name = Debug;
		};
		AACA5DA51D867B7000DCCE91 /* Release */ = {
			isa = XCBuildConfiguration;
			buildSettings = {
				ASSETCATALOG_COMPILER_APPICON_NAME = AppIcon;
				EMBEDDED_CONTENT_CONTAINS_SWIFT = YES;
				IBSC_MODULE = WatchKitNavigation_WatchKit_Extension;
				INFOPLIST_FILE = "WatchKitNavigation WatchKit App/Info.plist";
				PRODUCT_BUNDLE_IDENTIFIER = com.Vijendra.WatchKitNavigation.watchkitapp;
				PRODUCT_NAME = "$(TARGET_NAME)";
				SDKROOT = watchos;
				SKIP_INSTALL = YES;
				TARGETED_DEVICE_FAMILY = 4;
				WATCHOS_DEPLOYMENT_TARGET = 2.2;
			};
			name = Release;
		};
		AACA5DA81D867B7000DCCE91 /* Debug */ = {
			isa = XCBuildConfiguration;
			buildSettings = {
				ASSETCATALOG_COMPILER_APPICON_NAME = AppIcon;
				INFOPLIST_FILE = WatchKitNavigation/Info.plist;
				LD_RUNPATH_SEARCH_PATHS = "$(inherited) @executable_path/Frameworks";
				PRODUCT_BUNDLE_IDENTIFIER = com.Vijendra.WatchKitNavigation;
				PRODUCT_NAME = "$(TARGET_NAME)";
			};
			name = Debug;
		};
		AACA5DA91D867B7000DCCE91 /* Release */ = {
			isa = XCBuildConfiguration;
			buildSettings = {
				ASSETCATALOG_COMPILER_APPICON_NAME = AppIcon;
				INFOPLIST_FILE = WatchKitNavigation/Info.plist;
				LD_RUNPATH_SEARCH_PATHS = "$(inherited) @executable_path/Frameworks";
				PRODUCT_BUNDLE_IDENTIFIER = com.Vijendra.WatchKitNavigation;
				PRODUCT_NAME = "$(TARGET_NAME)";
			};
			name = Release;
		};
/* End XCBuildConfiguration section */

/* Begin XCConfigurationList section */
		AACA5D6B1D867B7000DCCE91 /* Build configuration list for PBXProject "WatchKitNavigation" */ = {
			isa = XCConfigurationList;
			buildConfigurations = (
				AACA5D9D1D867B7000DCCE91 /* Debug */,
				AACA5D9E1D867B7000DCCE91 /* Release */,
			);
			defaultConfigurationIsVisible = 0;
			defaultConfigurationName = Release;
		};
		AACA5D9F1D867B7000DCCE91 /* Build configuration list for PBXNativeTarget "WatchKitNavigation WatchKit Extension" */ = {
			isa = XCConfigurationList;
			buildConfigurations = (
				AACA5DA01D867B7000DCCE91 /* Debug */,
				AACA5DA11D867B7000DCCE91 /* Release */,
			);
			defaultConfigurationIsVisible = 0;
			defaultConfigurationName = Release;
		};
		AACA5DA31D867B7000DCCE91 /* Build configuration list for PBXNativeTarget "WatchKitNavigation WatchKit App" */ = {
			isa = XCConfigurationList;
			buildConfigurations = (
				AACA5DA41D867B7000DCCE91 /* Debug */,
				AACA5DA51D867B7000DCCE91 /* Release */,
			);
			defaultConfigurationIsVisible = 0;
			defaultConfigurationName = Release;
		};
		AACA5DA71D867B7000DCCE91 /* Build configuration list for PBXNativeTarget "WatchKitNavigation" */ = {
			isa = XCConfigurationList;
			buildConfigurations = (
				AACA5DA81D867B7000DCCE91 /* Debug */,
				AACA5DA91D867B7000DCCE91 /* Release */,
			);
			defaultConfigurationIsVisible = 0;
			defaultConfigurationName = Release;
		};
/* End XCConfigurationList section */
	};
	rootObject = AACA5D681D867B7000DCCE91 /* Project object */;
}
